<Solution>
  <Folder Name="/solution items/">
    <File Path="Directory.Build.props" />
    <File Path="Directory.Packages.props" />
    <File Path="NuGet.config" />
    <File Path="global.json" />
    <File Path="README.md" />
  </Folder>
  <Folder Name="/src/">
    <File Path="src/Directory.Build.props" />
    <Project Path="src/AspireTopology.Hosting/AspireTopology.Hosting.csproj" />
    <Project Path="src/AspireTopology.Isoflow/AspireTopology.Isoflow.csproj" />
    <Project Path="src/AspireTopology/AspireTopology.csproj" Id="c3dee610-5136-4852-8a6d-d0826cd9209c" />
  </Folder>
  <Folder Name="/tests/">
    <Project Path="tests/AspireTopology.Hosting.Tests/AspireTopology.Hosting.Tests.csproj" />
    <Project Path="tests/AspireTopology.Isoflow.Tests/AspireTopology.Isoflow.Tests.csproj" />
    <Project Path="tests/AspireTopology.Tests/AspireTopology.Tests.csproj" />
  </Folder>
  <Folder Name="/viewer/">
    <Project Path="viewer/AspireTopology.Viewer/AspireTopology.Viewer.esproj">
      <Build />
      <Deploy />
    </Project>
  </Folder>
  <Folder Name="/samples/">
    <Project Path="samples/AspireTopology.Sample/AspireTopology.Sample.AppHost/AspireTopology.Sample.AppHost.csproj" />
    <Project Path="samples/AspireTopology.Sample/AspireTopology.Sample.Api/AspireTopology.Sample.Api.csproj" />
    <Project Path="samples/AspireTopology.Sample/AspireTopology.Sample.Web/AspireTopology.Sample.Web.csproj" />
  </Folder>
</Solution>
